
Microsoft Visual Studio Solution File, Format Version 12.00
# Visual Studio Version 17
VisualStudioVersion = 17.14.36705.20 d17.14
MinimumVisualStudioVersion = 10.0.40219.1
Project("{FAE04EC0-301F-11D3-BF4B-00C04F79EFBC}") = "kill me", "kill me.csproj", "{0F05972B-69F7-44A5-B598-BB91521629F4}"
EndProject
Global
	GlobalSection(SolutionConfigurationPlatforms) = preSolution
		Debug|Any CPU = Debug|Any CPU
		Release|Any CPU = Release|Any CPU
	EndGlobalSection
	GlobalSection(ProjectConfigurationPlatforms) = postSolution
		{0F05972B-69F7-44A5-B598-BB91521629F4}.Debug|Any CPU.ActiveCfg = Debug|Any CPU
		{0F05972B-69F7-44A5-B598-BB91521629F4}.Debug|Any CPU.Build.0 = Debug|Any CPU
		{0F05972B-69F7-44A5-B598-BB91521629F4}.Release|Any CPU.ActiveCfg = Release|Any CPU
		{0F05972B-69F7-44A5-B598-BB91521629F4}.Release|Any CPU.Build.0 = Release|Any CPU
	EndGlobalSection
	GlobalSection(SolutionProperties) = preSolution
		HideSolutionNode = FALSE
	EndGlobalSection
	GlobalSection(ExtensibilityGlobals) = postSolution
		SolutionGuid = {09D87EA8-2BD1-4690-98D4-291F10566B7D}
	EndGlobalSection
EndGlobal
