
Microsoft Visual Studio Solution File, Format Version 12.00
# Visual Studio Version 17
VisualStudioVersion = 17.14.36705.20 d17.14
MinimumVisualStudioVersion = 10.0.40219.1
Project("{FAE04EC0-301F-11D3-BF4B-00C04F79EFBC}") = "tsükkel ja masiiv", "tsükkel ja masiiv.csproj", "{E113EC01-F792-407A-9D91-EAD1DB3AB0E7}"
EndProject
Global
	GlobalSection(SolutionConfigurationPlatforms) = preSolution
		Debug|Any CPU = Debug|Any CPU
		Release|Any CPU = Release|Any CPU
	EndGlobalSection
	GlobalSection(ProjectConfigurationPlatforms) = postSolution
		{E113EC01-F792-407A-9D91-EAD1DB3AB0E7}.Debug|Any CPU.ActiveCfg = Debug|Any CPU
		{E113EC01-F792-407A-9D91-EAD1DB3AB0E7}.Debug|Any CPU.Build.0 = Debug|Any CPU
		{E113EC01-F792-407A-9D91-EAD1DB3AB0E7}.Release|Any CPU.ActiveCfg = Release|Any CPU
		{E113EC01-F792-407A-9D91-EAD1DB3AB0E7}.Release|Any CPU.Build.0 = Release|Any CPU
	EndGlobalSection
	GlobalSection(SolutionProperties) = preSolution
		HideSolutionNode = FALSE
	EndGlobalSection
	GlobalSection(ExtensibilityGlobals) = postSolution
		SolutionGuid = {A56361C7-0D59-4EA4-B19E-E2D0BCBCC5C8}
	EndGlobalSection
EndGlobal
