
Microsoft Visual Studio Solution File, Format Version 12.00
# Visual Studio Version 17
VisualStudioVersion = 17.14.36705.20 d17.14
MinimumVisualStudioVersion = 10.0.40219.1
Project("{FAE04EC0-301F-11D3-BF4B-00C04F79EFBC}") = "vooskeemi abil kirjutatud programm", "vooskeemi abil kirjutatud programm.csproj", "{DFF3671F-07A0-4474-8301-A57E7F11510D}"
EndProject
Global
	GlobalSection(SolutionConfigurationPlatforms) = preSolution
		Debug|Any CPU = Debug|Any CPU
		Release|Any CPU = Release|Any CPU
	EndGlobalSection
	GlobalSection(ProjectConfigurationPlatforms) = postSolution
		{DFF3671F-07A0-4474-8301-A57E7F11510D}.Debug|Any CPU.ActiveCfg = Debug|Any CPU
		{DFF3671F-07A0-4474-8301-A57E7F11510D}.Debug|Any CPU.Build.0 = Debug|Any CPU
		{DFF3671F-07A0-4474-8301-A57E7F11510D}.Release|Any CPU.ActiveCfg = Release|Any CPU
		{DFF3671F-07A0-4474-8301-A57E7F11510D}.Release|Any CPU.Build.0 = Release|Any CPU
	EndGlobalSection
	GlobalSection(SolutionProperties) = preSolution
		HideSolutionNode = FALSE
	EndGlobalSection
	GlobalSection(ExtensibilityGlobals) = postSolution
		SolutionGuid = {19CC5AE2-E4B0-436B-98AA-AC3F74DBBB8C}
	EndGlobalSection
EndGlobal
