
Microsoft Visual Studio Solution File, Format Version 12.00
# Visual Studio Version 17
VisualStudioVersion = 17.13.35913.81 d17.13
MinimumVisualStudioVersion = 10.0.40219.1
Project("{FAE04EC0-301F-11D3-BF4B-00C04F79EFBC}") = "Tren", "Tren.csproj", "{F3CEC0F7-C15F-4DB6-A02A-75C137530584}"
EndProject
Global
	GlobalSection(SolutionConfigurationPlatforms) = preSolution
		Debug|Any CPU = Debug|Any CPU
		Release|Any CPU = Release|Any CPU
	EndGlobalSection
	GlobalSection(ProjectConfigurationPlatforms) = postSolution
		{F3CEC0F7-C15F-4DB6-A02A-75C137530584}.Debug|Any CPU.ActiveCfg = Debug|Any CPU
		{F3CEC0F7-C15F-4DB6-A02A-75C137530584}.Debug|Any CPU.Build.0 = Debug|Any CPU
		{F3CEC0F7-C15F-4DB6-A02A-75C137530584}.Release|Any CPU.ActiveCfg = Release|Any CPU
		{F3CEC0F7-C15F-4DB6-A02A-75C137530584}.Release|Any CPU.Build.0 = Release|Any CPU
	EndGlobalSection
	GlobalSection(SolutionProperties) = preSolution
		HideSolutionNode = FALSE
	EndGlobalSection
	GlobalSection(ExtensibilityGlobals) = postSolution
		SolutionGuid = {E473F664-9DAF-4284-A0EC-26EAEA69B5A9}
	EndGlobalSection
EndGlobal
